// !$*UTF8*$!
{
	archiveVersion = 1;
	classes = {
	};
	objectVersion = 50;
	objects = {

/* Begin PBXBuildFile section */
		4BB96915248A80D40036D2F5 /* AppDelegate.swift in Sources */ = {isa = PBXBuildFile; fileRef = 4BB96914248A80D40036D2F5 /* AppDelegate.swift */; };
		4BB96917248A80D40036D2F5 /* SceneDelegate.swift in Sources */ = {isa = PBXBuildFile; fileRef = 4BB96916248A80D40036D2F5 /* SceneDelegate.swift */; };
		4BB96919248A80D40036D2F5 /* ContentView.swift in Sources */ = {isa = PBXBuildFile; fileRef = 4BB96918248A80D40036D2F5 /* ContentView.swift */; };
		4BB9691B248A80D50036D2F5 /* Assets.xcassets in Resources */ = {isa = PBXBuildFile; fileRef = 4BB9691A248A80D50036D2F5 /* Assets.xcassets */; };
		4BB9691E248A80D50036D2F5 /* Preview Assets.xcassets in Resources */ = {isa = PBXBuildFile; fileRef = 4BB9691D248A80D50036D2F5 /* Preview Assets.xcassets */; };
		4BB96921248A80D50036D2F5 /* LaunchScreen.storyboard in Resources */ = {isa = PBXBuildFile; fileRef = 4BB9691F248A80D50036D2F5 /* LaunchScreen.storyboard */; };
		4BB9692A248A84290036D2F5 /* NetworkManager.swift in Sources */ = {isa = PBXBuildFile; fileRef = 4BB96929248A84290036D2F5 /* NetworkManager.swift */; };
		4BB9692C248A864F0036D2F5 /* Results.swift in Sources */ = {isa = PBXBuildFile; fileRef = 4BB9692B248A864F0036D2F5 /* Results.swift */; };
		4BB9692F248A8E090036D2F5 /* DetailView.swift in Sources */ = {isa = PBXBuildFile; fileRef = 4BB9692E248A8E090036D2F5 /* DetailView.swift */; };
		4BB96931248A912D0036D2F5 /* WebView.swift in Sources */ = {isa = PBXBuildFile; fileRef = 4BB96930248A912D0036D2F5 /* WebView.swift */; };
/* End PBXBuildFile section */

/* Begin PBXFileReference section */
		4BB96911248A80D40036D2F5 /* Hacker Man.app */ = {isa = PBXFileReference; explicitFileType = wrapper.application; includeInIndex = 0; path = "Hacker Man.app"; sourceTree = BUILT_PRODUCTS_DIR; };
		4BB96914248A80D40036D2F5 /* AppDelegate.swift */ = {isa = PBXFileReference; lastKnownFileType = sourcecode.swift; path = AppDelegate.swift; sourceTree = "<group>"; };
		4BB96916248A80D40036D2F5 /* SceneDelegate.swift */ = {isa = PBXFileReference; lastKnownFileType = sourcecode.swift; path = SceneDelegate.swift; sourceTree = "<group>"; };
		4BB96918248A80D40036D2F5 /* ContentView.swift */ = {isa = PBXFileReference; lastKnownFileType = sourcecode.swift; path = ContentView.swift; sourceTree = "<group>"; };
		4BB9691A248A80D50036D2F5 /* Assets.xcassets */ = {isa = PBXFileReference; lastKnownFileType = folder.assetcatalog; path = Assets.xcassets; sourceTree = "<group>"; };
		4BB9691D248A80D50036D2F5 /* Preview Assets.xcassets */ = {isa = PBXFileReference; lastKnownFileType = folder.assetcatalog; path = "Preview Assets.xcassets"; sourceTree = "<group>"; };
		4BB96920248A80D50036D2F5 /* Base */ = {isa = PBXFileReference; lastKnownFileType = file.storyboard; name = Base; path = Base.lproj/LaunchScreen.storyboard; sourceTree = "<group>"; };
		4BB96922248A80D50036D2F5 /* Info.plist */ = {isa = PBXFileReference; lastKnownFileType = text.plist.xml; path = Info.plist; sourceTree = "<group>"; };
		4BB96929248A84290036D2F5 /* NetworkManager.swift */ = {isa = PBXFileReference; lastKnownFileType = sourcecode.swift; path = NetworkManager.swift; sourceTree = "<group>"; };
		4BB9692B248A864F0036D2F5 /* Results.swift */ = {isa = PBXFileReference; lastKnownFileType = sourcecode.swift; path = Results.swift; sourceTree = "<group>"; };
		4BB9692E248A8E090036D2F5 /* DetailView.swift */ = {isa = PBXFileReference; lastKnownFileType = sourcecode.swift; path = DetailView.swift; sourceTree = "<group>"; };
		4BB96930248A912D0036D2F5 /* WebView.swift */ = {isa = PBXFileReference; lastKnownFileType = sourcecode.swift; path = WebView.swift; sourceTree = "<group>"; };
/* End PBXFileReference section */

/* Begin PBXFrameworksBuildPhase section */
		4BB9690E248A80D40036D2F5 /* Frameworks */ = {
			isa = PBXFrameworksBuildPhase;
			buildActionMask = 2147483647;
			files = (
			);
			runOnlyForDeploymentPostprocessing = 0;
		};
/* End PBXFrameworksBuildPhase section */

/* Begin PBXGroup section */
		4BB96908248A80D40036D2F5 = {
			isa = PBXGroup;
			children = (
				4BB96913248A80D40036D2F5 /* Hacker Man */,
				4BB96912248A80D40036D2F5 /* Products */,
			);
			sourceTree = "<group>";
		};
		4BB96912248A80D40036D2F5 /* Products */ = {
			isa = PBXGroup;
			children = (
				4BB96911248A80D40036D2F5 /* Hacker Man.app */,
			);
			name = Products;
			sourceTree = "<group>";
		};
		4BB96913248A80D40036D2F5 /* Hacker Man */ = {
			isa = PBXGroup;
			children = (
				4BB96928248A84140036D2F5 /* Model */,
				4BB96914248A80D40036D2F5 /* AppDelegate.swift */,
				4BB96916248A80D40036D2F5 /* SceneDelegate.swift */,
				4BB9692D248A8DF10036D2F5 /* View */,
				4BB9691A248A80D50036D2F5 /* Assets.xcassets */,
				4BB9691F248A80D50036D2F5 /* LaunchScreen.storyboard */,
				4BB96922248A80D50036D2F5 /* Info.plist */,
				4BB9691C248A80D50036D2F5 /* Preview Content */,
			);
			path = "Hacker Man";
			sourceTree = "<group>";
		};
		4BB9691C248A80D50036D2F5 /* Preview Content */ = {
			isa = PBXGroup;
			children = (
				4BB9691D248A80D50036D2F5 /* Preview Assets.xcassets */,
			);
			path = "Preview Content";
			sourceTree = "<group>";
		};
		4BB96928248A84140036D2F5 /* Model */ = {
			isa = PBXGroup;
			children = (
				4BB96929248A84290036D2F5 /* NetworkManager.swift */,
				4BB9692B248A864F0036D2F5 /* Results.swift */,
			);
			path = Model;
			sourceTree = "<group>";
		};
		4BB9692D248A8DF10036D2F5 /* View */ = {
			isa = PBXGroup;
			children = (
				4BB96918248A80D40036D2F5 /* ContentView.swift */,
				4BB9692E248A8E090036D2F5 /* DetailView.swift */,
				4BB96930248A912D0036D2F5 /* WebView.swift */,
			);
			path = View;
			sourceTree = "<group>";
		};
/* End PBXGroup section */

/* Begin PBXNativeTarget section */
		4BB96910248A80D40036D2F5 /* Hacker Man */ = {
			isa = PBXNativeTarget;
			buildConfigurationList = 4BB96925248A80D50036D2F5 /* Build configuration list for PBXNativeTarget "Hacker Man" */;
			buildPhases = (
				4BB9690D248A80D40036D2F5 /* Sources */,
				4BB9690E248A80D40036D2F5 /* Frameworks */,
				4BB9690F248A80D40036D2F5 /* Resources */,
			);
			buildRules = (
			);
			dependencies = (
			);
			name = "Hacker Man";
			productName = "Hacker Man";
			productReference = 4BB96911248A80D40036D2F5 /* Hacker Man.app */;
			productType = "com.apple.product-type.application";
		};
/* End PBXNativeTarget section */

/* Begin PBXProject section */
		4BB96909248A80D40036D2F5 /* Project object */ = {
			isa = PBXProject;
			attributes = {
				LastSwiftUpdateCheck = 1150;
				LastUpgradeCheck = 1150;
				ORGANIZATIONNAME = "Aditya Ladwa";
				TargetAttributes = {
					4BB96910248A80D40036D2F5 = {
						CreatedOnToolsVersion = 11.5;
					};
				};
			};
			buildConfigurationList = 4BB9690C248A80D40036D2F5 /* Build configuration list for PBXProject "Hacker Man" */;
			compatibilityVersion = "Xcode 9.3";
			developmentRegion = en;
			hasScannedForEncodings = 0;
			knownRegions = (
				en,
				Base,
			);
			mainGroup = 4BB96908248A80D40036D2F5;
			productRefGroup = 4BB96912248A80D40036D2F5 /* Products */;
			projectDirPath = "";
			projectRoot = "";
			targets = (
				4BB96910248A80D40036D2F5 /* Hacker Man */,
			);
		};
/* End PBXProject section */

/* Begin PBXResourcesBuildPhase section */
		4BB9690F248A80D40036D2F5 /* Resources */ = {
			isa = PBXResourcesBuildPhase;
			buildActionMask = 2147483647;
			files = (
				4BB96921248A80D50036D2F5 /* LaunchScreen.storyboard in Resources */,
				4BB9691E248A80D50036D2F5 /* Preview Assets.xcassets in Resources */,
				4BB9691B248A80D50036D2F5 /* Assets.xcassets in Resources */,
			);
			runOnlyForDeploymentPostprocessing = 0;
		};
/* End PBXResourcesBuildPhase section */

/* Begin PBXSourcesBuildPhase section */
		4BB9690D248A80D40036D2F5 /* Sources */ = {
			isa = PBXSourcesBuildPhase;
			buildActionMask = 2147483647;
			files = (
				4BB96915248A80D40036D2F5 /* AppDelegate.swift in Sources */,
				4BB9692F248A8E090036D2F5 /* DetailView.swift in Sources */,
				4BB9692A248A84290036D2F5 /* NetworkManager.swift in Sources */,
				4BB96917248A80D40036D2F5 /* SceneDelegate.swift in Sources */,
				4BB96919248A80D40036D2F5 /* ContentView.swift in Sources */,
				4BB9692C248A864F0036D2F5 /* Results.swift in Sources */,
				4BB96931248A912D0036D2F5 /* WebView.swift in Sources */,
			);
			runOnlyForDeploymentPostprocessing = 0;
		};
/* End PBXSourcesBuildPhase section */

/* Begin PBXVariantGroup section */
		4BB9691F248A80D50036D2F5 /* LaunchScreen.storyboard */ = {
			isa = PBXVariantGroup;
			children = (
				4BB96920248A80D50036D2F5 /* Base */,
			);
			name = LaunchScreen.storyboard;
			sourceTree = "<group>";
		};
/* End PBXVariantGroup section */

/* Begin XCBuildConfiguration section */
		4BB96923248A80D50036D2F5 /* Debug */ = {
			isa = XCBuildConfiguration;
			buildSettings = {
				ALWAYS_SEARCH_USER_PATHS = NO;
				CLANG_ANALYZER_NONNULL = YES;
				CLANG_ANALYZER_NUMBER_OBJECT_CONVERSION = YES_AGGRESSIVE;
				CLANG_CXX_LANGUAGE_STANDARD = "gnu++14";
				CLANG_CXX_LIBRARY = "libc++";
				CLANG_ENABLE_MODULES = YES;
				CLANG_ENABLE_OBJC_ARC = YES;
				CLANG_ENABLE_OBJC_WEAK = YES;
				CLANG_WARN_BLOCK_CAPTURE_AUTORELEASING = YES;
				CLANG_WARN_BOOL_CONVERSION = YES;
				CLANG_WARN_COMMA = YES;
				CLANG_WARN_CONSTANT_CONVERSION = YES;
				CLANG_WARN_DEPRECATED_OBJC_IMPLEMENTATIONS = YES;
				CLANG_WARN_DIRECT_OBJC_ISA_USAGE = YES_ERROR;
				CLANG_WARN_DOCUMENTATION_COMMENTS = YES;
				CLANG_WARN_EMPTY_BODY = YES;
				CLANG_WARN_ENUM_CONVERSION = YES;
				CLANG_WARN_INFINITE_RECURSION = YES;
				CLANG_WARN_INT_CONVERSION = YES;
				CLANG_WARN_NON_LITERAL_NULL_CONVERSION = YES;
				CLANG_WARN_OBJC_IMPLICIT_RETAIN_SELF = YES;
				CLANG_WARN_OBJC_LITERAL_CONVERSION = YES;
				CLANG_WARN_OBJC_ROOT_CLASS = YES_ERROR;
				CLANG_WARN_RANGE_LOOP_ANALYSIS = YES;
				CLANG_WARN_STRICT_PROTOTYPES = YES;
				CLANG_WARN_SUSPICIOUS_MOVE = YES;
				CLANG_WARN_UNGUARDED_AVAILABILITY = YES_AGGRESSIVE;
				CLANG_WARN_UNREACHABLE_CODE = YES;
				CLANG_WARN__DUPLICATE_METHOD_MATCH = YES;
				COPY_PHASE_STRIP = NO;
				DEBUG_INFORMATION_FORMAT = dwarf;
				ENABLE_STRICT_OBJC_MSGSEND = YES;
				ENABLE_TESTABILITY = YES;
				GCC_C_LANGUAGE_STANDARD = gnu11;
				GCC_DYNAMIC_NO_PIC = NO;
				GCC_NO_COMMON_BLOCKS = YES;
				GCC_OPTIMIZATION_LEVEL = 0;
				GCC_PREPROCESSOR_DEFINITIONS = (
					"DEBUG=1",
					"$(inherited)",
				);
				GCC_WARN_64_TO_32_BIT_CONVERSION = YES;
				GCC_WARN_ABOUT_RETURN_TYPE = YES_ERROR;
				GCC_WARN_UNDECLARED_SELECTOR = YES;
				GCC_WARN_UNINITIALIZED_AUTOS = YES_AGGRESSIVE;
				GCC_WARN_UNUSED_FUNCTION = YES;
				GCC_WARN_UNUSED_VARIABLE = YES;
				IPHONEOS_DEPLOYMENT_TARGET = 13.5;
				MTL_ENABLE_DEBUG_INFO = INCLUDE_SOURCE;
				MTL_FAST_MATH = YES;
				ONLY_ACTIVE_ARCH = YES;
				SDKROOT = iphoneos;
				SWIFT_ACTIVE_COMPILATION_CONDITIONS = DEBUG;
				SWIFT_OPTIMIZATION_LEVEL = "-Onone";
			};
			name = Debug;
		};
		4BB96924248A80D50036D2F5 /* Release */ = {
			isa = XCBuildConfiguration;
			buildSettings = {
				ALWAYS_SEARCH_USER_PATHS = NO;
				CLANG_ANALYZER_NONNULL = YES;
				CLANG_ANALYZER_NUMBER_OBJECT_CONVERSION = YES_AGGRESSIVE;
				CLANG_CXX_LANGUAGE_STANDARD = "gnu++14";
				CLANG_CXX_LIBRARY = "libc++";
				CLANG_ENABLE_MODULES = YES;
				CLANG_ENABLE_OBJC_ARC = YES;
				CLANG_ENABLE_OBJC_WEAK = YES;
				CLANG_WARN_BLOCK_CAPTURE_AUTORELEASING = YES;
				CLANG_WARN_BOOL_CONVERSION = YES;
				CLANG_WARN_COMMA = YES;
				CLANG_WARN_CONSTANT_CONVERSION = YES;
				CLANG_WARN_DEPRECATED_OBJC_IMPLEMENTATIONS = YES;
				CLANG_WARN_DIRECT_OBJC_ISA_USAGE = YES_ERROR;
				CLANG_WARN_DOCUMENTATION_COMMENTS = YES;
				CLANG_WARN_EMPTY_BODY = YES;
				CLANG_WARN_ENUM_CONVERSION = YES;
				CLANG_WARN_INFINITE_RECURSION = YES;
				CLANG_WARN_INT_CONVERSION = YES;
				CLANG_WARN_NON_LITERAL_NULL_CONVERSION = YES;
				CLANG_WARN_OBJC_IMPLICIT_RETAIN_SELF = YES;
				CLANG_WARN_OBJC_LITERAL_CONVERSION = YES;
				CLANG_WARN_OBJC_ROOT_CLASS = YES_ERROR;
				CLANG_WARN_RANGE_LOOP_ANALYSIS = YES;
				CLANG_WARN_STRICT_PROTOTYPES = YES;
				CLANG_WARN_SUSPICIOUS_MOVE = YES;
				CLANG_WARN_UNGUARDED_AVAILABILITY = YES_AGGRESSIVE;
				CLANG_WARN_UNREACHABLE_CODE = YES;
				CLANG_WARN__DUPLICATE_METHOD_MATCH = YES;
				COPY_PHASE_STRIP = NO;
				DEBUG_INFORMATION_FORMAT = "dwarf-with-dsym";
				ENABLE_NS_ASSERTIONS = NO;
				ENABLE_STRICT_OBJC_MSGSEND = YES;
				GCC_C_LANGUAGE_STANDARD = gnu11;
				GCC_NO_COMMON_BLOCKS = YES;
				GCC_WARN_64_TO_32_BIT_CONVERSION = YES;
				GCC_WARN_ABOUT_RETURN_TYPE = YES_ERROR;
				GCC_WARN_UNDECLARED_SELECTOR = YES;
				GCC_WARN_UNINITIALIZED_AUTOS = YES_AGGRESSIVE;
				GCC_WARN_UNUSED_FUNCTION = YES;
				GCC_WARN_UNUSED_VARIABLE = YES;
				IPHONEOS_DEPLOYMENT_TARGET = 13.5;
				MTL_ENABLE_DEBUG_INFO = NO;
				MTL_FAST_MATH = YES;
				SDKROOT = iphoneos;
				SWIFT_COMPILATION_MODE = wholemodule;
				SWIFT_OPTIMIZATION_LEVEL = "-O";
				VALIDATE_PRODUCT = YES;
			};
			name = Release;
		};
		4BB96926248A80D50036D2F5 /* Debug */ = {
			isa = XCBuildConfiguration;
			buildSettings = {
				ASSETCATALOG_COMPILER_APPICON_NAME = AppIcon;
				CODE_SIGN_STYLE = Automatic;
				DEVELOPMENT_ASSET_PATHS = "\"Hacker Man/Preview Content\"";
				DEVELOPMENT_TEAM = U7WD76M6NW;
				ENABLE_PREVIEWS = YES;
				INFOPLIST_FILE = "Hacker Man/Info.plist";
				LD_RUNPATH_SEARCH_PATHS = (
					"$(inherited)",
					"@executable_path/Frameworks",
				);
				PRODUCT_BUNDLE_IDENTIFIER = "com.adityaladwa.Hacker-Man";
				PRODUCT_NAME = "$(TARGET_NAME)";
				SWIFT_VERSION = 5.0;
				TARGETED_DEVICE_FAMILY = "1,2";
			};
			name = Debug;
		};
		4BB96927248A80D50036D2F5 /* Release */ = {
			isa = XCBuildConfiguration;
			buildSettings = {
				ASSETCATALOG_COMPILER_APPICON_NAME = AppIcon;
				CODE_SIGN_STYLE = Automatic;
				DEVELOPMENT_ASSET_PATHS = "\"Hacker Man/Preview Content\"";
				DEVELOPMENT_TEAM = U7WD76M6NW;
				ENABLE_PREVIEWS = YES;
				INFOPLIST_FILE = "Hacker Man/Info.plist";
				LD_RUNPATH_SEARCH_PATHS = (
					"$(inherited)",
					"@executable_path/Frameworks",
				);
				PRODUCT_BUNDLE_IDENTIFIER = "com.adityaladwa.Hacker-Man";
				PRODUCT_NAME = "$(TARGET_NAME)";
				SWIFT_VERSION = 5.0;
				TARGETED_DEVICE_FAMILY = "1,2";
			};
			name = Release;
		};
/* End XCBuildConfiguration section */

/* Begin XCConfigurationList section */
		4BB9690C248A80D40036D2F5 /* Build configuration list for PBXProject "Hacker Man" */ = {
			isa = XCConfigurationList;
			buildConfigurations = (
				4BB96923248A80D50036D2F5 /* Debug */,
				4BB96924248A80D50036D2F5 /* Release */,
			);
			defaultConfigurationIsVisible = 0;
			defaultConfigurationName = Release;
		};
		4BB96925248A80D50036D2F5 /* Build configuration list for PBXNativeTarget "Hacker Man" */ = {
			isa = XCConfigurationList;
			buildConfigurations = (
				4BB96926248A80D50036D2F5 /* Debug */,
				4BB96927248A80D50036D2F5 /* Release */,
			);
			defaultConfigurationIsVisible = 0;
			defaultConfigurationName = Release;
		};
/* End XCConfigurationList section */
	};
	rootObject = 4BB96909248A80D40036D2F5 /* Project object */;
}
